
Microsoft Visual Studio Solution File, Format Version 12.00
# Visual Studio Version 17
VisualStudioVersion = 17.0.31903.59
MinimumVisualStudioVersion = 10.0.40219.1
Project("{FAE04EC0-301F-11D3-BF4B-00C04F79EFBC}") = "Specification.Net", "Specification.Net\Specification.Net.csproj", "{01F1AACB-073E-40BD-8B3E-69E6DD202C38}"
EndProject
Project("{FAE04EC0-301F-11D3-BF4B-00C04F79EFBC}") = "Specification.Net.EntityFrameworkCore", "Specification.Net.EntityFrameworkCore\Specification.Net.EntityFrameworkCore.csproj", "{3CB0ED0C-9F3B-4A32-B945-BDE7350CBCF8}"
EndProject
Project("{FAE04EC0-301F-11D3-BF4B-00C04F79EFBC}") = "Specification.Net.Tests", "Specification.Net.Tests\Specification.Net.Tests.csproj", "{9ACAA4BD-43F1-4F07-8D90-EC972CD5E6B5}"
EndProject
Project("{FAE04EC0-301F-11D3-BF4B-00C04F79EFBC}") = "Specification.Net.EntityFrameworkCore.Tests", "Specification.Net.EntityFrameworkCore.Tests\Specification.Net.EntityFrameworkCore.Tests.csproj", "{6BA11747-B435-4497-BE72-1CB818551868}"
EndProject
Global
	GlobalSection(SolutionConfigurationPlatforms) = preSolution
		Debug|Any CPU = Debug|Any CPU
		Release|Any CPU = Release|Any CPU
	EndGlobalSection
	GlobalSection(SolutionProperties) = preSolution
		HideSolutionNode = FALSE
	EndGlobalSection
	GlobalSection(ProjectConfigurationPlatforms) = postSolution
		{01F1AACB-073E-40BD-8B3E-69E6DD202C38}.Debug|Any CPU.ActiveCfg = Debug|Any CPU
		{01F1AACB-073E-40BD-8B3E-69E6DD202C38}.Debug|Any CPU.Build.0 = Debug|Any CPU
		{01F1AACB-073E-40BD-8B3E-69E6DD202C38}.Release|Any CPU.ActiveCfg = Release|Any CPU
		{01F1AACB-073E-40BD-8B3E-69E6DD202C38}.Release|Any CPU.Build.0 = Release|Any CPU
		{3CB0ED0C-9F3B-4A32-B945-BDE7350CBCF8}.Debug|Any CPU.ActiveCfg = Debug|Any CPU
		{3CB0ED0C-9F3B-4A32-B945-BDE7350CBCF8}.Debug|Any CPU.Build.0 = Debug|Any CPU
		{3CB0ED0C-9F3B-4A32-B945-BDE7350CBCF8}.Release|Any CPU.ActiveCfg = Release|Any CPU
		{3CB0ED0C-9F3B-4A32-B945-BDE7350CBCF8}.Release|Any CPU.Build.0 = Release|Any CPU
		{9ACAA4BD-43F1-4F07-8D90-EC972CD5E6B5}.Debug|Any CPU.ActiveCfg = Debug|Any CPU
		{9ACAA4BD-43F1-4F07-8D90-EC972CD5E6B5}.Debug|Any CPU.Build.0 = Debug|Any CPU
		{9ACAA4BD-43F1-4F07-8D90-EC972CD5E6B5}.Release|Any CPU.ActiveCfg = Release|Any CPU
		{9ACAA4BD-43F1-4F07-8D90-EC972CD5E6B5}.Release|Any CPU.Build.0 = Release|Any CPU
		{6BA11747-B435-4497-BE72-1CB818551868}.Debug|Any CPU.ActiveCfg = Debug|Any CPU
		{6BA11747-B435-4497-BE72-1CB818551868}.Debug|Any CPU.Build.0 = Debug|Any CPU
		{6BA11747-B435-4497-BE72-1CB818551868}.Release|Any CPU.ActiveCfg = Release|Any CPU
		{6BA11747-B435-4497-BE72-1CB818551868}.Release|Any CPU.Build.0 = Release|Any CPU
	EndGlobalSection
EndGlobal
